<?xml version="1.0" encoding="utf-8"?>
<Project ToolsVersion="4.0" xmlns="http://schemas.microsoft.com/developer/msbuild/2003">
  <ItemGroup>
    <Filter Include="Source Files">
      <UniqueIdentifier>{4FC737F1-C7A5-4376-A066-2A32D752A2FF}</UniqueIdentifier>
      <Extensions>cpp;c;cc;cxx;c++;cppm;ixx;def;odl;idl;hpj;bat;asm;asmx</Extensions>
    </Filter>
    <Filter Include="Header Files">
      <UniqueIdentifier>{93995380-89BD-4b04-88EB-625FBE52EBFB}</UniqueIdentifier>
      <Extensions>h;hh;hpp;hxx;h++;hm;inl;inc;ipp;xsd</Extensions>
    </Filter>
    <Filter Include="Resource Files">
      <UniqueIdentifier>{67DA6AB6-F800-4c08-8B7A-83BB121AAD01}</UniqueIdentifier>
      <Extensions>rc;ico;cur;bmp;dlg;rc2;rct;bin;rgs;gif;jpg;jpeg;jpe;resx;tiff;tif;png;wav;mfcribbon-ms</Extensions>
    </Filter>
    <Filter Include="Header Files\States">
      <UniqueIdentifier>{3f808b54-abe5-402c-a81c-b397d0536257}</UniqueIdentifier>
    </Filter>
    <Filter Include="Source Files\States">
      <UniqueIdentifier>{26e15015-407b-4dd2-87dc-dc791348e762}</UniqueIdentifier>
    </Filter>
    <Filter Include="Source Files\Map">
      <UniqueIdentifier>{b2c23372-ad64-412d-8dd5-cdbc175b6384}</UniqueIdentifier>
    </Filter>
    <Filter Include="Header Files\Map">
      <UniqueIdentifier>{d4693399-ddb2-42f1-a664-b94dec468737}</UniqueIdentifier>
    </Filter>
    <Filter Include="Source Files\Core">
      <UniqueIdentifier>{132cbbd6-e1f2-4805-b5da-a838a5aabfe5}</UniqueIdentifier>
    </Filter>
    <Filter Include="Header Files\Core">
      <UniqueIdentifier>{f18a799b-a1c1-4093-9f25-a91dfeb2d895}</UniqueIdentifier>
    </Filter>
    <Filter Include="Source Files\Screens">
      <UniqueIdentifier>{55e243ef-227a-4918-8e26-dfc0e09f4c35}</UniqueIdentifier>
    </Filter>
    <Filter Include="Header Files\Screens">
      <UniqueIdentifier>{74b52029-ef59-4f33-907b-05cad18f3200}</UniqueIdentifier>
    </Filter>
    <Filter Include="Source Files\Creature">
      <UniqueIdentifier>{f49386d9-74d9-4ae1-92c5-8a3f4c87f6ed}</UniqueIdentifier>
    </Filter>
    <Filter Include="Header Files\Creatures">
      <UniqueIdentifier>{0928e585-a3c6-4b9e-845f-90e06076cf2a}</UniqueIdentifier>
    </Filter>
  </ItemGroup>
  <ItemGroup>
    <ClCompile Include="main.cpp">
      <Filter>Source Files</Filter>
    </ClCompile>
    <ClCompile Include="MainMenu.cpp">
      <Filter>Source Files\States</Filter>
    </ClCompile>
    <ClCompile Include="StateMachine.cpp">
      <Filter>Source Files\States</Filter>
    </ClCompile>
    <ClCompile Include="MapState.cpp">
      <Filter>Source Files\States</Filter>
    </ClCompile>
    <ClCompile Include="Game.cpp">
      <Filter>Source Files\Core</Filter>
    </ClCompile>
    <ClCompile Include="Input.cpp">
      <Filter>Source Files\Core</Filter>
    </ClCompile>
    <ClCompile Include="MainMenuScreen.cpp">
      <Filter>Source Files\Screens</Filter>
    </ClCompile>
    <ClCompile Include="Map.cpp">
      <Filter>Source Files\Map</Filter>
    </ClCompile>
    <ClCompile Include="Player.cpp">
      <Filter>Source Files\Creature</Filter>
    </ClCompile>
    <ClCompile Include="Display.cpp">
      <Filter>Source Files\Core</Filter>
    </ClCompile>
    <ClCompile Include="Stats.cpp">
      <Filter>Source Files\Creature</Filter>
    </ClCompile>
  </ItemGroup>
  <ItemGroup>
    <ClInclude Include="State.h">
      <Filter>Header Files\States</Filter>
    </ClInclude>
    <ClInclude Include="StateMachine.h">
      <Filter>Header Files\States</Filter>
    </ClInclude>
    <ClInclude Include="MainMenu.h">
      <Filter>Header Files\States</Filter>
    </ClInclude>
    <ClInclude Include="MapState.h">
      <Filter>Header Files\States</Filter>
    </ClInclude>
    <ClInclude Include="Game.h">
      <Filter>Header Files\Core</Filter>
    </ClInclude>
    <ClInclude Include="Input.h">
      <Filter>Header Files\Core</Filter>
    </ClInclude>
    <ClInclude Include="MainMenuScreen.h">
      <Filter>Header Files\Screens</Filter>
    </ClInclude>
    <ClInclude Include="Map.h">
      <Filter>Header Files\Map</Filter>
    </ClInclude>
    <ClInclude Include="Display.h">
      <Filter>Header Files\Core</Filter>
    </ClInclude>
    <ClInclude Include="Player.h">
      <Filter>Header Files\Creatures</Filter>
    </ClInclude>
    <ClInclude Include="Creature.h">
      <Filter>Header Files\Creatures</Filter>
    </ClInclude>
    <ClInclude Include="Stats.h">
      <Filter>Header Files\Creatures</Filter>
    </ClInclude>
  </ItemGroup>
</Project>